
Microsoft Visual Studio Solution File, Format Version 12.00
# Visual Studio 15
VisualStudioVersion = 15.0.26124.0
MinimumVisualStudioVersion = 15.0.26124.0
Project("{9A19103F-16F7-4668-BE54-9A1E7A4F7556}") = "R5T.Solutas.Standard.Construction", "R5T.Solutas.Standard.Construction\R5T.Solutas.Standard.Construction.csproj", "{5C437C8A-2ADC-40B4-9E20-F3119CCCC534}"
EndProject
Project("{9A19103F-16F7-4668-BE54-9A1E7A4F7556}") = "R5T.Solutas.Standard", "R5T.Solutas.Standard\R5T.Solutas.Standard.csproj", "{389C1E56-5CDF-4E6E-937C-370D2587B05A}"
EndProject
Project("{9A19103F-16F7-4668-BE54-9A1E7A4F7556}") = "R5T.Solutas.Standard.Testing", "R5T.Solutas.Standard.Testing\R5T.Solutas.Standard.Testing.csproj", "{F54CE0D3-E405-4156-A110-4F4D80D623D8}"
EndProject
Project("{2150E333-8FDC-42A3-9474-1A3956D46DE8}") = "_Dependencies", "_Dependencies", "{AAF25FC9-9016-4472-B670-43F876CF30A3}"
EndProject
Project("{9A19103F-16F7-4668-BE54-9A1E7A4F7556}") = "R5T.Solutas.Base", "..\..\R5T.Solutas.Base\source\R5T.Solutas.Base\R5T.Solutas.Base.csproj", "{BE437CF6-E0A4-49EC-9D76-CDB5B9C22676}"
EndProject
Project("{9A19103F-16F7-4668-BE54-9A1E7A4F7556}") = "R5T.Solutas.Tiros", "..\..\R5T.Solutas.Tiros\source\R5T.Solutas.Tiros\R5T.Solutas.Tiros.csproj", "{85156FC8-947D-489A-9E13-1FF36476E986}"
EndProject
Project("{9A19103F-16F7-4668-BE54-9A1E7A4F7556}") = "R5T.Solutas.Megara", "..\..\R5T.Solutas.Megara\source\R5T.Solutas.Megara\R5T.Solutas.Megara.csproj", "{5734CB35-9A26-43E0-B463-BD09DDC559F7}"
EndProject
Project("{9A19103F-16F7-4668-BE54-9A1E7A4F7556}") = "R5T.Dacia", "..\..\R5T.Dacia\source\R5T.Dacia\R5T.Dacia.csproj", "{056B7C9C-F6CE-41F4-B485-543D2ABBF7BD}"
EndProject
Project("{9A19103F-16F7-4668-BE54-9A1E7A4F7556}") = "R5T.Cambridge.Types", "..\..\R5T.Cambridge.Types\source\R5T.Cambridge.Types\R5T.Cambridge.Types.csproj", "{BDCFF617-5CB1-4688-AE42-0C695C42787F}"
EndProject
Project("{9A19103F-16F7-4668-BE54-9A1E7A4F7556}") = "R5T.Megara.Base", "..\..\R5T.Megara.Base\source\R5T.Megara.Base\R5T.Megara.Base.csproj", "{0CE88734-C223-4C50-9D13-523C419F5DD2}"
EndProject
Project("{9A19103F-16F7-4668-BE54-9A1E7A4F7556}") = "R5T.Magyar", "..\..\R5T.Magyar\source\R5T.Magyar\R5T.Magyar.csproj", "{FA0F4C26-6795-46BB-BAB8-9686908B98A5}"
EndProject
Project("{9A19103F-16F7-4668-BE54-9A1E7A4F7556}") = "R5T.Tiros.Base", "..\..\R5T.Tiros.Base\source\R5T.Tiros.Base\R5T.Tiros.Base.csproj", "{7B4262D4-F84F-444D-B48F-52F8A594565D}"
EndProject
Project("{9A19103F-16F7-4668-BE54-9A1E7A4F7556}") = "R5T.Megara.Default", "..\..\R5T.Megara.Default\source\R5T.Megara.Default\R5T.Megara.Default.csproj", "{86619D91-3CE7-4F5A-8D24-7DB6579B524B}"
EndProject
Project("{9A19103F-16F7-4668-BE54-9A1E7A4F7556}") = "R5T.Megara.TextSerializer", "..\..\R5T.Megara.TextSerializer\source\R5T.Megara.TextSerializer\R5T.Megara.TextSerializer.csproj", "{EBF66280-EA6E-420E-A80D-7E92D7DF2D46}"
EndProject
Project("{9A19103F-16F7-4668-BE54-9A1E7A4F7556}") = "R5T.Megara.Stockholm.Standard", "..\..\R5T.Megara.Stockholm.Standard\source\R5T.Megara.Stockholm.Standard\R5T.Megara.Stockholm.Standard.csproj", "{CF5945C8-E1E1-4A10-B355-4D6AF735C531}"
EndProject
Project("{9A19103F-16F7-4668-BE54-9A1E7A4F7556}") = "R5T.Megara.Stockholm", "..\..\R5T.Megara.Stockholm\source\R5T.Megara.Stockholm\R5T.Megara.Stockholm.csproj", "{2D0F3B25-A851-4C72-9BBB-67A4A98E431A}"
EndProject
Project("{9A19103F-16F7-4668-BE54-9A1E7A4F7556}") = "R5T.Stockholm.Base", "..\..\R5T.Stockholm.Base\source\R5T.Stockholm.Base\R5T.Stockholm.Base.csproj", "{E23B5C68-C84B-4CC1-8783-12DA8B367C82}"
EndProject
Project("{9A19103F-16F7-4668-BE54-9A1E7A4F7556}") = "R5T.Stockholm.Tiros.Standard", "..\..\R5T.Stockholm.Tiros.Standard\source\R5T.Stockholm.Tiros.Standard\R5T.Stockholm.Tiros.Standard.csproj", "{244FB89B-BAF3-43C3-8C94-ED43D2523AB8}"
EndProject
Project("{9A19103F-16F7-4668-BE54-9A1E7A4F7556}") = "R5T.Stockholm.Tiros", "..\..\R5T.Stockholm.Tiros\source\R5T.Stockholm.Tiros\R5T.Stockholm.Tiros.csproj", "{1F1D316D-EC7E-40A1-997A-512C9287DF6A}"
EndProject
Global
	GlobalSection(SolutionConfigurationPlatforms) = preSolution
		Debug|Any CPU = Debug|Any CPU
		Debug|x64 = Debug|x64
		Debug|x86 = Debug|x86
		Release|Any CPU = Release|Any CPU
		Release|x64 = Release|x64
		Release|x86 = Release|x86
	EndGlobalSection
	GlobalSection(ProjectConfigurationPlatforms) = postSolution
		{5C437C8A-2ADC-40B4-9E20-F3119CCCC534}.Debug|Any CPU.ActiveCfg = Debug|Any CPU
		{5C437C8A-2ADC-40B4-9E20-F3119CCCC534}.Debug|Any CPU.Build.0 = Debug|Any CPU
		{5C437C8A-2ADC-40B4-9E20-F3119CCCC534}.Debug|x64.ActiveCfg = Debug|Any CPU
		{5C437C8A-2ADC-40B4-9E20-F3119CCCC534}.Debug|x64.Build.0 = Debug|Any CPU
		{5C437C8A-2ADC-40B4-9E20-F3119CCCC534}.Debug|x86.ActiveCfg = Debug|Any CPU
		{5C437C8A-2ADC-40B4-9E20-F3119CCCC534}.Debug|x86.Build.0 = Debug|Any CPU
		{5C437C8A-2ADC-40B4-9E20-F3119CCCC534}.Release|Any CPU.ActiveCfg = Release|Any CPU
		{5C437C8A-2ADC-40B4-9E20-F3119CCCC534}.Release|Any CPU.Build.0 = Release|Any CPU
		{5C437C8A-2ADC-40B4-9E20-F3119CCCC534}.Release|x64.ActiveCfg = Release|Any CPU
		{5C437C8A-2ADC-40B4-9E20-F3119CCCC534}.Release|x64.Build.0 = Release|Any CPU
		{5C437C8A-2ADC-40B4-9E20-F3119CCCC534}.Release|x86.ActiveCfg = Release|Any CPU
		{5C437C8A-2ADC-40B4-9E20-F3119CCCC534}.Release|x86.Build.0 = Release|Any CPU
		{389C1E56-5CDF-4E6E-937C-370D2587B05A}.Debug|Any CPU.ActiveCfg = Debug|Any CPU
		{389C1E56-5CDF-4E6E-937C-370D2587B05A}.Debug|Any CPU.Build.0 = Debug|Any CPU
		{389C1E56-5CDF-4E6E-937C-370D2587B05A}.Debug|x64.ActiveCfg = Debug|Any CPU
		{389C1E56-5CDF-4E6E-937C-370D2587B05A}.Debug|x64.Build.0 = Debug|Any CPU
		{389C1E56-5CDF-4E6E-937C-370D2587B05A}.Debug|x86.ActiveCfg = Debug|Any CPU
		{389C1E56-5CDF-4E6E-937C-370D2587B05A}.Debug|x86.Build.0 = Debug|Any CPU
		{389C1E56-5CDF-4E6E-937C-370D2587B05A}.Release|Any CPU.ActiveCfg = Release|Any CPU
		{389C1E56-5CDF-4E6E-937C-370D2587B05A}.Release|Any CPU.Build.0 = Release|Any CPU
		{389C1E56-5CDF-4E6E-937C-370D2587B05A}.Release|x64.ActiveCfg = Release|Any CPU
		{389C1E56-5CDF-4E6E-937C-370D2587B05A}.Release|x64.Build.0 = Release|Any CPU
		{389C1E56-5CDF-4E6E-937C-370D2587B05A}.Release|x86.ActiveCfg = Release|Any CPU
		{389C1E56-5CDF-4E6E-937C-370D2587B05A}.Release|x86.Build.0 = Release|Any CPU
		{F54CE0D3-E405-4156-A110-4F4D80D623D8}.Debug|Any CPU.ActiveCfg = Debug|Any CPU
		{F54CE0D3-E405-4156-A110-4F4D80D623D8}.Debug|Any CPU.Build.0 = Debug|Any CPU
		{F54CE0D3-E405-4156-A110-4F4D80D623D8}.Debug|x64.ActiveCfg = Debug|Any CPU
		{F54CE0D3-E405-4156-A110-4F4D80D623D8}.Debug|x64.Build.0 = Debug|Any CPU
		{F54CE0D3-E405-4156-A110-4F4D80D623D8}.Debug|x86.ActiveCfg = Debug|Any CPU
		{F54CE0D3-E405-4156-A110-4F4D80D623D8}.Debug|x86.Build.0 = Debug|Any CPU
		{F54CE0D3-E405-4156-A110-4F4D80D623D8}.Release|Any CPU.ActiveCfg = Release|Any CPU
		{F54CE0D3-E405-4156-A110-4F4D80D623D8}.Release|Any CPU.Build.0 = Release|Any CPU
		{F54CE0D3-E405-4156-A110-4F4D80D623D8}.Release|x64.ActiveCfg = Release|Any CPU
		{F54CE0D3-E405-4156-A110-4F4D80D623D8}.Release|x64.Build.0 = Release|Any CPU
		{F54CE0D3-E405-4156-A110-4F4D80D623D8}.Release|x86.ActiveCfg = Release|Any CPU
		{F54CE0D3-E405-4156-A110-4F4D80D623D8}.Release|x86.Build.0 = Release|Any CPU
		{BE437CF6-E0A4-49EC-9D76-CDB5B9C22676}.Debug|Any CPU.ActiveCfg = Debug|Any CPU
		{BE437CF6-E0A4-49EC-9D76-CDB5B9C22676}.Debug|Any CPU.Build.0 = Debug|Any CPU
		{BE437CF6-E0A4-49EC-9D76-CDB5B9C22676}.Debug|x64.ActiveCfg = Debug|Any CPU
		{BE437CF6-E0A4-49EC-9D76-CDB5B9C22676}.Debug|x64.Build.0 = Debug|Any CPU
		{BE437CF6-E0A4-49EC-9D76-CDB5B9C22676}.Debug|x86.ActiveCfg = Debug|Any CPU
		{BE437CF6-E0A4-49EC-9D76-CDB5B9C22676}.Debug|x86.Build.0 = Debug|Any CPU
		{BE437CF6-E0A4-49EC-9D76-CDB5B9C22676}.Release|Any CPU.ActiveCfg = Release|Any CPU
		{BE437CF6-E0A4-49EC-9D76-CDB5B9C22676}.Release|Any CPU.Build.0 = Release|Any CPU
		{BE437CF6-E0A4-49EC-9D76-CDB5B9C22676}.Release|x64.ActiveCfg = Release|Any CPU
		{BE437CF6-E0A4-49EC-9D76-CDB5B9C22676}.Release|x64.Build.0 = Release|Any CPU
		{BE437CF6-E0A4-49EC-9D76-CDB5B9C22676}.Release|x86.ActiveCfg = Release|Any CPU
		{BE437CF6-E0A4-49EC-9D76-CDB5B9C22676}.Release|x86.Build.0 = Release|Any CPU
		{85156FC8-947D-489A-9E13-1FF36476E986}.Debug|Any CPU.ActiveCfg = Debug|Any CPU
		{85156FC8-947D-489A-9E13-1FF36476E986}.Debug|Any CPU.Build.0 = Debug|Any CPU
		{85156FC8-947D-489A-9E13-1FF36476E986}.Debug|x64.ActiveCfg = Debug|Any CPU
		{85156FC8-947D-489A-9E13-1FF36476E986}.Debug|x64.Build.0 = Debug|Any CPU
		{85156FC8-947D-489A-9E13-1FF36476E986}.Debug|x86.ActiveCfg = Debug|Any CPU
		{85156FC8-947D-489A-9E13-1FF36476E986}.Debug|x86.Build.0 = Debug|Any CPU
		{85156FC8-947D-489A-9E13-1FF36476E986}.Release|Any CPU.ActiveCfg = Release|Any CPU
		{85156FC8-947D-489A-9E13-1FF36476E986}.Release|Any CPU.Build.0 = Release|Any CPU
		{85156FC8-947D-489A-9E13-1FF36476E986}.Release|x64.ActiveCfg = Release|Any CPU
		{85156FC8-947D-489A-9E13-1FF36476E986}.Release|x64.Build.0 = Release|Any CPU
		{85156FC8-947D-489A-9E13-1FF36476E986}.Release|x86.ActiveCfg = Release|Any CPU
		{85156FC8-947D-489A-9E13-1FF36476E986}.Release|x86.Build.0 = Release|Any CPU
		{5734CB35-9A26-43E0-B463-BD09DDC559F7}.Debug|Any CPU.ActiveCfg = Debug|Any CPU
		{5734CB35-9A26-43E0-B463-BD09DDC559F7}.Debug|Any CPU.Build.0 = Debug|Any CPU
		{5734CB35-9A26-43E0-B463-BD09DDC559F7}.Debug|x64.ActiveCfg = Debug|Any CPU
		{5734CB35-9A26-43E0-B463-BD09DDC559F7}.Debug|x64.Build.0 = Debug|Any CPU
		{5734CB35-9A26-43E0-B463-BD09DDC559F7}.Debug|x86.ActiveCfg = Debug|Any CPU
		{5734CB35-9A26-43E0-B463-BD09DDC559F7}.Debug|x86.Build.0 = Debug|Any CPU
		{5734CB35-9A26-43E0-B463-BD09DDC559F7}.Release|Any CPU.ActiveCfg = Release|Any CPU
		{5734CB35-9A26-43E0-B463-BD09DDC559F7}.Release|Any CPU.Build.0 = Release|Any CPU
		{5734CB35-9A26-43E0-B463-BD09DDC559F7}.Release|x64.ActiveCfg = Release|Any CPU
		{5734CB35-9A26-43E0-B463-BD09DDC559F7}.Release|x64.Build.0 = Release|Any CPU
		{5734CB35-9A26-43E0-B463-BD09DDC559F7}.Release|x86.ActiveCfg = Release|Any CPU
		{5734CB35-9A26-43E0-B463-BD09DDC559F7}.Release|x86.Build.0 = Release|Any CPU
		{056B7C9C-F6CE-41F4-B485-543D2ABBF7BD}.Debug|Any CPU.ActiveCfg = Debug|Any CPU
		{056B7C9C-F6CE-41F4-B485-543D2ABBF7BD}.Debug|Any CPU.Build.0 = Debug|Any CPU
		{056B7C9C-F6CE-41F4-B485-543D2ABBF7BD}.Debug|x64.ActiveCfg = Debug|Any CPU
		{056B7C9C-F6CE-41F4-B485-543D2ABBF7BD}.Debug|x64.Build.0 = Debug|Any CPU
		{056B7C9C-F6CE-41F4-B485-543D2ABBF7BD}.Debug|x86.ActiveCfg = Debug|Any CPU
		{056B7C9C-F6CE-41F4-B485-543D2ABBF7BD}.Debug|x86.Build.0 = Debug|Any CPU
		{056B7C9C-F6CE-41F4-B485-543D2ABBF7BD}.Release|Any CPU.ActiveCfg = Release|Any CPU
		{056B7C9C-F6CE-41F4-B485-543D2ABBF7BD}.Release|Any CPU.Build.0 = Release|Any CPU
		{056B7C9C-F6CE-41F4-B485-543D2ABBF7BD}.Release|x64.ActiveCfg = Release|Any CPU
		{056B7C9C-F6CE-41F4-B485-543D2ABBF7BD}.Release|x64.Build.0 = Release|Any CPU
		{056B7C9C-F6CE-41F4-B485-543D2ABBF7BD}.Release|x86.ActiveCfg = Release|Any CPU
		{056B7C9C-F6CE-41F4-B485-543D2ABBF7BD}.Release|x86.Build.0 = Release|Any CPU
		{BDCFF617-5CB1-4688-AE42-0C695C42787F}.Debug|Any CPU.ActiveCfg = Debug|Any CPU
		{BDCFF617-5CB1-4688-AE42-0C695C42787F}.Debug|Any CPU.Build.0 = Debug|Any CPU
		{BDCFF617-5CB1-4688-AE42-0C695C42787F}.Debug|x64.ActiveCfg = Debug|Any CPU
		{BDCFF617-5CB1-4688-AE42-0C695C42787F}.Debug|x64.Build.0 = Debug|Any CPU
		{BDCFF617-5CB1-4688-AE42-0C695C42787F}.Debug|x86.ActiveCfg = Debug|Any CPU
		{BDCFF617-5CB1-4688-AE42-0C695C42787F}.Debug|x86.Build.0 = Debug|Any CPU
		{BDCFF617-5CB1-4688-AE42-0C695C42787F}.Release|Any CPU.ActiveCfg = Release|Any CPU
		{BDCFF617-5CB1-4688-AE42-0C695C42787F}.Release|Any CPU.Build.0 = Release|Any CPU
		{BDCFF617-5CB1-4688-AE42-0C695C42787F}.Release|x64.ActiveCfg = Release|Any CPU
		{BDCFF617-5CB1-4688-AE42-0C695C42787F}.Release|x64.Build.0 = Release|Any CPU
		{BDCFF617-5CB1-4688-AE42-0C695C42787F}.Release|x86.ActiveCfg = Release|Any CPU
		{BDCFF617-5CB1-4688-AE42-0C695C42787F}.Release|x86.Build.0 = Release|Any CPU
		{0CE88734-C223-4C50-9D13-523C419F5DD2}.Debug|Any CPU.ActiveCfg = Debug|Any CPU
		{0CE88734-C223-4C50-9D13-523C419F5DD2}.Debug|Any CPU.Build.0 = Debug|Any CPU
		{0CE88734-C223-4C50-9D13-523C419F5DD2}.Debug|x64.ActiveCfg = Debug|Any CPU
		{0CE88734-C223-4C50-9D13-523C419F5DD2}.Debug|x64.Build.0 = Debug|Any CPU
		{0CE88734-C223-4C50-9D13-523C419F5DD2}.Debug|x86.ActiveCfg = Debug|Any CPU
		{0CE88734-C223-4C50-9D13-523C419F5DD2}.Debug|x86.Build.0 = Debug|Any CPU
		{0CE88734-C223-4C50-9D13-523C419F5DD2}.Release|Any CPU.ActiveCfg = Release|Any CPU
		{0CE88734-C223-4C50-9D13-523C419F5DD2}.Release|Any CPU.Build.0 = Release|Any CPU
		{0CE88734-C223-4C50-9D13-523C419F5DD2}.Release|x64.ActiveCfg = Release|Any CPU
		{0CE88734-C223-4C50-9D13-523C419F5DD2}.Release|x64.Build.0 = Release|Any CPU
		{0CE88734-C223-4C50-9D13-523C419F5DD2}.Release|x86.ActiveCfg = Release|Any CPU
		{0CE88734-C223-4C50-9D13-523C419F5DD2}.Release|x86.Build.0 = Release|Any CPU
		{FA0F4C26-6795-46BB-BAB8-9686908B98A5}.Debug|Any CPU.ActiveCfg = Debug|Any CPU
		{FA0F4C26-6795-46BB-BAB8-9686908B98A5}.Debug|Any CPU.Build.0 = Debug|Any CPU
		{FA0F4C26-6795-46BB-BAB8-9686908B98A5}.Debug|x64.ActiveCfg = Debug|Any CPU
		{FA0F4C26-6795-46BB-BAB8-9686908B98A5}.Debug|x64.Build.0 = Debug|Any CPU
		{FA0F4C26-6795-46BB-BAB8-9686908B98A5}.Debug|x86.ActiveCfg = Debug|Any CPU
		{FA0F4C26-6795-46BB-BAB8-9686908B98A5}.Debug|x86.Build.0 = Debug|Any CPU
		{FA0F4C26-6795-46BB-BAB8-9686908B98A5}.Release|Any CPU.ActiveCfg = Release|Any CPU
		{FA0F4C26-6795-46BB-BAB8-9686908B98A5}.Release|Any CPU.Build.0 = Release|Any CPU
		{FA0F4C26-6795-46BB-BAB8-9686908B98A5}.Release|x64.ActiveCfg = Release|Any CPU
		{FA0F4C26-6795-46BB-BAB8-9686908B98A5}.Release|x64.Build.0 = Release|Any CPU
		{FA0F4C26-6795-46BB-BAB8-9686908B98A5}.Release|x86.ActiveCfg = Release|Any CPU
		{FA0F4C26-6795-46BB-BAB8-9686908B98A5}.Release|x86.Build.0 = Release|Any CPU
		{7B4262D4-F84F-444D-B48F-52F8A594565D}.Debug|Any CPU.ActiveCfg = Debug|Any CPU
		{7B4262D4-F84F-444D-B48F-52F8A594565D}.Debug|Any CPU.Build.0 = Debug|Any CPU
		{7B4262D4-F84F-444D-B48F-52F8A594565D}.Debug|x64.ActiveCfg = Debug|Any CPU
		{7B4262D4-F84F-444D-B48F-52F8A594565D}.Debug|x64.Build.0 = Debug|Any CPU
		{7B4262D4-F84F-444D-B48F-52F8A594565D}.Debug|x86.ActiveCfg = Debug|Any CPU
		{7B4262D4-F84F-444D-B48F-52F8A594565D}.Debug|x86.Build.0 = Debug|Any CPU
		{7B4262D4-F84F-444D-B48F-52F8A594565D}.Release|Any CPU.ActiveCfg = Release|Any CPU
		{7B4262D4-F84F-444D-B48F-52F8A594565D}.Release|Any CPU.Build.0 = Release|Any CPU
		{7B4262D4-F84F-444D-B48F-52F8A594565D}.Release|x64.ActiveCfg = Release|Any CPU
		{7B4262D4-F84F-444D-B48F-52F8A594565D}.Release|x64.Build.0 = Release|Any CPU
		{7B4262D4-F84F-444D-B48F-52F8A594565D}.Release|x86.ActiveCfg = Release|Any CPU
		{7B4262D4-F84F-444D-B48F-52F8A594565D}.Release|x86.Build.0 = Release|Any CPU
		{86619D91-3CE7-4F5A-8D24-7DB6579B524B}.Debug|Any CPU.ActiveCfg = Debug|Any CPU
		{86619D91-3CE7-4F5A-8D24-7DB6579B524B}.Debug|Any CPU.Build.0 = Debug|Any CPU
		{86619D91-3CE7-4F5A-8D24-7DB6579B524B}.Debug|x64.ActiveCfg = Debug|Any CPU
		{86619D91-3CE7-4F5A-8D24-7DB6579B524B}.Debug|x64.Build.0 = Debug|Any CPU
		{86619D91-3CE7-4F5A-8D24-7DB6579B524B}.Debug|x86.ActiveCfg = Debug|Any CPU
		{86619D91-3CE7-4F5A-8D24-7DB6579B524B}.Debug|x86.Build.0 = Debug|Any CPU
		{86619D91-3CE7-4F5A-8D24-7DB6579B524B}.Release|Any CPU.ActiveCfg = Release|Any CPU
		{86619D91-3CE7-4F5A-8D24-7DB6579B524B}.Release|Any CPU.Build.0 = Release|Any CPU
		{86619D91-3CE7-4F5A-8D24-7DB6579B524B}.Release|x64.ActiveCfg = Release|Any CPU
		{86619D91-3CE7-4F5A-8D24-7DB6579B524B}.Release|x64.Build.0 = Release|Any CPU
		{86619D91-3CE7-4F5A-8D24-7DB6579B524B}.Release|x86.ActiveCfg = Release|Any CPU
		{86619D91-3CE7-4F5A-8D24-7DB6579B524B}.Release|x86.Build.0 = Release|Any CPU
		{EBF66280-EA6E-420E-A80D-7E92D7DF2D46}.Debug|Any CPU.ActiveCfg = Debug|Any CPU
		{EBF66280-EA6E-420E-A80D-7E92D7DF2D46}.Debug|Any CPU.Build.0 = Debug|Any CPU
		{EBF66280-EA6E-420E-A80D-7E92D7DF2D46}.Debug|x64.ActiveCfg = Debug|Any CPU
		{EBF66280-EA6E-420E-A80D-7E92D7DF2D46}.Debug|x64.Build.0 = Debug|Any CPU
		{EBF66280-EA6E-420E-A80D-7E92D7DF2D46}.Debug|x86.ActiveCfg = Debug|Any CPU
		{EBF66280-EA6E-420E-A80D-7E92D7DF2D46}.Debug|x86.Build.0 = Debug|Any CPU
		{EBF66280-EA6E-420E-A80D-7E92D7DF2D46}.Release|Any CPU.ActiveCfg = Release|Any CPU
		{EBF66280-EA6E-420E-A80D-7E92D7DF2D46}.Release|Any CPU.Build.0 = Release|Any CPU
		{EBF66280-EA6E-420E-A80D-7E92D7DF2D46}.Release|x64.ActiveCfg = Release|Any CPU
		{EBF66280-EA6E-420E-A80D-7E92D7DF2D46}.Release|x64.Build.0 = Release|Any CPU
		{EBF66280-EA6E-420E-A80D-7E92D7DF2D46}.Release|x86.ActiveCfg = Release|Any CPU
		{EBF66280-EA6E-420E-A80D-7E92D7DF2D46}.Release|x86.Build.0 = Release|Any CPU
		{CF5945C8-E1E1-4A10-B355-4D6AF735C531}.Debug|Any CPU.ActiveCfg = Debug|Any CPU
		{CF5945C8-E1E1-4A10-B355-4D6AF735C531}.Debug|Any CPU.Build.0 = Debug|Any CPU
		{CF5945C8-E1E1-4A10-B355-4D6AF735C531}.Debug|x64.ActiveCfg = Debug|Any CPU
		{CF5945C8-E1E1-4A10-B355-4D6AF735C531}.Debug|x64.Build.0 = Debug|Any CPU
		{CF5945C8-E1E1-4A10-B355-4D6AF735C531}.Debug|x86.ActiveCfg = Debug|Any CPU
		{CF5945C8-E1E1-4A10-B355-4D6AF735C531}.Debug|x86.Build.0 = Debug|Any CPU
		{CF5945C8-E1E1-4A10-B355-4D6AF735C531}.Release|Any CPU.ActiveCfg = Release|Any CPU
		{CF5945C8-E1E1-4A10-B355-4D6AF735C531}.Release|Any CPU.Build.0 = Release|Any CPU
		{CF5945C8-E1E1-4A10-B355-4D6AF735C531}.Release|x64.ActiveCfg = Release|Any CPU
		{CF5945C8-E1E1-4A10-B355-4D6AF735C531}.Release|x64.Build.0 = Release|Any CPU
		{CF5945C8-E1E1-4A10-B355-4D6AF735C531}.Release|x86.ActiveCfg = Release|Any CPU
		{CF5945C8-E1E1-4A10-B355-4D6AF735C531}.Release|x86.Build.0 = Release|Any CPU
		{2D0F3B25-A851-4C72-9BBB-67A4A98E431A}.Debug|Any CPU.ActiveCfg = Debug|Any CPU
		{2D0F3B25-A851-4C72-9BBB-67A4A98E431A}.Debug|Any CPU.Build.0 = Debug|Any CPU
		{2D0F3B25-A851-4C72-9BBB-67A4A98E431A}.Debug|x64.ActiveCfg = Debug|Any CPU
		{2D0F3B25-A851-4C72-9BBB-67A4A98E431A}.Debug|x64.Build.0 = Debug|Any CPU
		{2D0F3B25-A851-4C72-9BBB-67A4A98E431A}.Debug|x86.ActiveCfg = Debug|Any CPU
		{2D0F3B25-A851-4C72-9BBB-67A4A98E431A}.Debug|x86.Build.0 = Debug|Any CPU
		{2D0F3B25-A851-4C72-9BBB-67A4A98E431A}.Release|Any CPU.ActiveCfg = Release|Any CPU
		{2D0F3B25-A851-4C72-9BBB-67A4A98E431A}.Release|Any CPU.Build.0 = Release|Any CPU
		{2D0F3B25-A851-4C72-9BBB-67A4A98E431A}.Release|x64.ActiveCfg = Release|Any CPU
		{2D0F3B25-A851-4C72-9BBB-67A4A98E431A}.Release|x64.Build.0 = Release|Any CPU
		{2D0F3B25-A851-4C72-9BBB-67A4A98E431A}.Release|x86.ActiveCfg = Release|Any CPU
		{2D0F3B25-A851-4C72-9BBB-67A4A98E431A}.Release|x86.Build.0 = Release|Any CPU
		{E23B5C68-C84B-4CC1-8783-12DA8B367C82}.Debug|Any CPU.ActiveCfg = Debug|Any CPU
		{E23B5C68-C84B-4CC1-8783-12DA8B367C82}.Debug|Any CPU.Build.0 = Debug|Any CPU
		{E23B5C68-C84B-4CC1-8783-12DA8B367C82}.Debug|x64.ActiveCfg = Debug|Any CPU
		{E23B5C68-C84B-4CC1-8783-12DA8B367C82}.Debug|x64.Build.0 = Debug|Any CPU
		{E23B5C68-C84B-4CC1-8783-12DA8B367C82}.Debug|x86.ActiveCfg = Debug|Any CPU
		{E23B5C68-C84B-4CC1-8783-12DA8B367C82}.Debug|x86.Build.0 = Debug|Any CPU
		{E23B5C68-C84B-4CC1-8783-12DA8B367C82}.Release|Any CPU.ActiveCfg = Release|Any CPU
		{E23B5C68-C84B-4CC1-8783-12DA8B367C82}.Release|Any CPU.Build.0 = Release|Any CPU
		{E23B5C68-C84B-4CC1-8783-12DA8B367C82}.Release|x64.ActiveCfg = Release|Any CPU
		{E23B5C68-C84B-4CC1-8783-12DA8B367C82}.Release|x64.Build.0 = Release|Any CPU
		{E23B5C68-C84B-4CC1-8783-12DA8B367C82}.Release|x86.ActiveCfg = Release|Any CPU
		{E23B5C68-C84B-4CC1-8783-12DA8B367C82}.Release|x86.Build.0 = Release|Any CPU
		{244FB89B-BAF3-43C3-8C94-ED43D2523AB8}.Debug|Any CPU.ActiveCfg = Debug|Any CPU
		{244FB89B-BAF3-43C3-8C94-ED43D2523AB8}.Debug|Any CPU.Build.0 = Debug|Any CPU
		{244FB89B-BAF3-43C3-8C94-ED43D2523AB8}.Debug|x64.ActiveCfg = Debug|Any CPU
		{244FB89B-BAF3-43C3-8C94-ED43D2523AB8}.Debug|x64.Build.0 = Debug|Any CPU
		{244FB89B-BAF3-43C3-8C94-ED43D2523AB8}.Debug|x86.ActiveCfg = Debug|Any CPU
		{244FB89B-BAF3-43C3-8C94-ED43D2523AB8}.Debug|x86.Build.0 = Debug|Any CPU
		{244FB89B-BAF3-43C3-8C94-ED43D2523AB8}.Release|Any CPU.ActiveCfg = Release|Any CPU
		{244FB89B-BAF3-43C3-8C94-ED43D2523AB8}.Release|Any CPU.Build.0 = Release|Any CPU
		{244FB89B-BAF3-43C3-8C94-ED43D2523AB8}.Release|x64.ActiveCfg = Release|Any CPU
		{244FB89B-BAF3-43C3-8C94-ED43D2523AB8}.Release|x64.Build.0 = Release|Any CPU
		{244FB89B-BAF3-43C3-8C94-ED43D2523AB8}.Release|x86.ActiveCfg = Release|Any CPU
		{244FB89B-BAF3-43C3-8C94-ED43D2523AB8}.Release|x86.Build.0 = Release|Any CPU
		{1F1D316D-EC7E-40A1-997A-512C9287DF6A}.Debug|Any CPU.ActiveCfg = Debug|Any CPU
		{1F1D316D-EC7E-40A1-997A-512C9287DF6A}.Debug|Any CPU.Build.0 = Debug|Any CPU
		{1F1D316D-EC7E-40A1-997A-512C9287DF6A}.Debug|x64.ActiveCfg = Debug|Any CPU
		{1F1D316D-EC7E-40A1-997A-512C9287DF6A}.Debug|x64.Build.0 = Debug|Any CPU
		{1F1D316D-EC7E-40A1-997A-512C9287DF6A}.Debug|x86.ActiveCfg = Debug|Any CPU
		{1F1D316D-EC7E-40A1-997A-512C9287DF6A}.Debug|x86.Build.0 = Debug|Any CPU
		{1F1D316D-EC7E-40A1-997A-512C9287DF6A}.Release|Any CPU.ActiveCfg = Release|Any CPU
		{1F1D316D-EC7E-40A1-997A-512C9287DF6A}.Release|Any CPU.Build.0 = Release|Any CPU
		{1F1D316D-EC7E-40A1-997A-512C9287DF6A}.Release|x64.ActiveCfg = Release|Any CPU
		{1F1D316D-EC7E-40A1-997A-512C9287DF6A}.Release|x64.Build.0 = Release|Any CPU
		{1F1D316D-EC7E-40A1-997A-512C9287DF6A}.Release|x86.ActiveCfg = Release|Any CPU
		{1F1D316D-EC7E-40A1-997A-512C9287DF6A}.Release|x86.Build.0 = Release|Any CPU
	EndGlobalSection
	GlobalSection(SolutionProperties) = preSolution
		HideSolutionNode = FALSE
	EndGlobalSection
	GlobalSection(NestedProjects) = preSolution
		{BE437CF6-E0A4-49EC-9D76-CDB5B9C22676} = {AAF25FC9-9016-4472-B670-43F876CF30A3}
		{85156FC8-947D-489A-9E13-1FF36476E986} = {AAF25FC9-9016-4472-B670-43F876CF30A3}
		{5734CB35-9A26-43E0-B463-BD09DDC559F7} = {AAF25FC9-9016-4472-B670-43F876CF30A3}
		{056B7C9C-F6CE-41F4-B485-543D2ABBF7BD} = {AAF25FC9-9016-4472-B670-43F876CF30A3}
		{BDCFF617-5CB1-4688-AE42-0C695C42787F} = {AAF25FC9-9016-4472-B670-43F876CF30A3}
		{0CE88734-C223-4C50-9D13-523C419F5DD2} = {AAF25FC9-9016-4472-B670-43F876CF30A3}
		{FA0F4C26-6795-46BB-BAB8-9686908B98A5} = {AAF25FC9-9016-4472-B670-43F876CF30A3}
		{7B4262D4-F84F-444D-B48F-52F8A594565D} = {AAF25FC9-9016-4472-B670-43F876CF30A3}
		{86619D91-3CE7-4F5A-8D24-7DB6579B524B} = {AAF25FC9-9016-4472-B670-43F876CF30A3}
		{EBF66280-EA6E-420E-A80D-7E92D7DF2D46} = {AAF25FC9-9016-4472-B670-43F876CF30A3}
		{CF5945C8-E1E1-4A10-B355-4D6AF735C531} = {AAF25FC9-9016-4472-B670-43F876CF30A3}
		{2D0F3B25-A851-4C72-9BBB-67A4A98E431A} = {AAF25FC9-9016-4472-B670-43F876CF30A3}
		{E23B5C68-C84B-4CC1-8783-12DA8B367C82} = {AAF25FC9-9016-4472-B670-43F876CF30A3}
		{244FB89B-BAF3-43C3-8C94-ED43D2523AB8} = {AAF25FC9-9016-4472-B670-43F876CF30A3}
		{1F1D316D-EC7E-40A1-997A-512C9287DF6A} = {AAF25FC9-9016-4472-B670-43F876CF30A3}
	EndGlobalSection
	GlobalSection(ExtensibilityGlobals) = postSolution
		SolutionGuid = {87BCD1AA-C305-478D-8C4F-5FAD7D2C24B4}
	EndGlobalSection
EndGlobal
